PODS:
  - Alamofire (3.3.1)
  - ALCameraViewController (1.1.7)
  - ChameleonFramework/Default (2.1.0)
  - ChameleonFramework/Swift (2.1.0):
    - ChameleonFramework/Default
  - Kingfisher (2.1.0)
  - MBProgressHUD (0.9.2)

DEPENDENCIES:
  - Alamofire (~> 3.3)
  - ALCameraViewController
  - ChameleonFramework/Swift
  - Kingfisher (~> 2.1)
  - MBProgressHUD (~> 0.9.2)

SPEC CHECKSUMS:
  Alamofire: 369bc67b6f5ac33ded3648d7bd21c5bfb91c2ecc
  ALCameraViewController: 15bd245a247cff0f8a038c349ac2bbe79152b686
  ChameleonFramework: d21a3cc247abfe5e37609a283a8238b03575cf64
  Kingfisher: 3ac09acad75a25ab22f6d7cef3de10d61dd4792d
  MBProgressHUD: 1569cf7ace17a8bac47aabfbb8580a49690386d1

COCOAPODS: 0.39.0
