// !$*UTF8*$!
{
	archiveVersion = 1;
	classes = {
	};
	objectVersion = 46;
	objects = {

/* Begin PBXBuildFile section */
		151E1B341D10D3FE00FB524C /* applause.mp3 in Resources */ = {isa = PBXBuildFile; fileRef = 151E1B331D10D3FE00FB524C /* applause.mp3 */; };
		1535A6AC1C953E8800897674 /* AppDelegate.swift in Sources */ = {isa = PBXBuildFile; fileRef = 1535A6AB1C953E8800897674 /* AppDelegate.swift */; };
		1535A6B11C953E8800897674 /* Main.storyboard in Resources */ = {isa = PBXBuildFile; fileRef = 1535A6AF1C953E8800897674 /* Main.storyboard */; };
		1535A6B41C953E8800897674 /* Kap_s_t_r.xcdatamodeld in Sources */ = {isa = PBXBuildFile; fileRef = 1535A6B21C953E8800897674 /* Kap_s_t_r.xcdatamodeld */; };
		1535A6B61C953E8800897674 /* Assets.xcassets in Resources */ = {isa = PBXBuildFile; fileRef = 1535A6B51C953E8800897674 /* Assets.xcassets */; };
		1535A6B91C953E8800897674 /* LaunchScreen.storyboard in Resources */ = {isa = PBXBuildFile; fileRef = 1535A6B71C953E8800897674 /* LaunchScreen.storyboard */; };
		1535A6C41C953E8800897674 /* Kap_s_t_rTests.swift in Sources */ = {isa = PBXBuildFile; fileRef = 1535A6C31C953E8800897674 /* Kap_s_t_rTests.swift */; };
		1535A6CF1C953E8800897674 /* Kap_s_t_rUITests.swift in Sources */ = {isa = PBXBuildFile; fileRef = 1535A6CE1C953E8800897674 /* Kap_s_t_rUITests.swift */; };
		1535A6DF1C953ED000897674 /* App.swift in Sources */ = {isa = PBXBuildFile; fileRef = 1535A6DE1C953ED000897674 /* App.swift */; };
		1535A6E11C953EFB00897674 /* Api.swift in Sources */ = {isa = PBXBuildFile; fileRef = 1535A6E01C953EFB00897674 /* Api.swift */; };
		1535A6E31C95405C00897674 /* Question.swift in Sources */ = {isa = PBXBuildFile; fileRef = 1535A6E21C95405C00897674 /* Question.swift */; };
		1535A6E51C9541E600897674 /* MainTableViewController.swift in Sources */ = {isa = PBXBuildFile; fileRef = 1535A6E41C9541E600897674 /* MainTableViewController.swift */; };
		1535A6E71C95424700897674 /* QuestionTableViewCell.swift in Sources */ = {isa = PBXBuildFile; fileRef = 1535A6E61C95424700897674 /* QuestionTableViewCell.swift */; };
		1535A6EE1C95657700897674 /* OnboardingTableViewCell.swift in Sources */ = {isa = PBXBuildFile; fileRef = 1535A6ED1C95657700897674 /* OnboardingTableViewCell.swift */; };
		1535A6F01C95866D00897674 /* QuestionStore.swift in Sources */ = {isa = PBXBuildFile; fileRef = 1535A6EF1C95866D00897674 /* QuestionStore.swift */; };
		1535A6F21C95C31000897674 /* RoundedImageButton.swift in Sources */ = {isa = PBXBuildFile; fileRef = 1535A6F11C95C31000897674 /* RoundedImageButton.swift */; };
		1535A6F41C98C51700897674 /* MainViewController.swift in Sources */ = {isa = PBXBuildFile; fileRef = 1535A6F31C98C51700897674 /* MainViewController.swift */; };
		1535A6FE1C98CDB800897674 /* LoginViewController.swift in Sources */ = {isa = PBXBuildFile; fileRef = 1535A6FD1C98CDB800897674 /* LoginViewController.swift */; };
		1535A7001C99857700897674 /* UserProfileViewController.swift in Sources */ = {isa = PBXBuildFile; fileRef = 1535A6FF1C99857700897674 /* UserProfileViewController.swift */; };
		1535A7041C99DF9300897674 /* UserStore.swift in Sources */ = {isa = PBXBuildFile; fileRef = 1535A7031C99DF9300897674 /* UserStore.swift */; };
		1535A7061C99E23C00897674 /* User.swift in Sources */ = {isa = PBXBuildFile; fileRef = 1535A7051C99E23C00897674 /* User.swift */; };
		1535A7081C9A1E6E00897674 /* CreateViewController.swift in Sources */ = {isa = PBXBuildFile; fileRef = 1535A7071C9A1E6E00897674 /* CreateViewController.swift */; };
		153C1EA11CC6E80100CF94C3 /* ModalSaveQuestionSuccess.swift in Sources */ = {isa = PBXBuildFile; fileRef = 153C1EA01CC6E80100CF94C3 /* ModalSaveQuestionSuccess.swift */; };
		153C1EA31CC811BC00CF94C3 /* ModalSaveQuestionSuccess.xib in Resources */ = {isa = PBXBuildFile; fileRef = 153C1EA21CC811BC00CF94C3 /* ModalSaveQuestionSuccess.xib */; };
		153C1EA51CC8161D00CF94C3 /* PathDynamicModal.swift in Sources */ = {isa = PBXBuildFile; fileRef = 153C1EA41CC8161D00CF94C3 /* PathDynamicModal.swift */; };
		153C1EA71CC95FED00CF94C3 /* Answer.swift in Sources */ = {isa = PBXBuildFile; fileRef = 153C1EA61CC95FED00CF94C3 /* Answer.swift */; };
		153C1EA91CC9820900CF94C3 /* UserQuestionsTableViewController.swift in Sources */ = {isa = PBXBuildFile; fileRef = 153C1EA81CC9820900CF94C3 /* UserQuestionsTableViewController.swift */; };
		153C1EAB1CC9ED2A00CF94C3 /* UserQuestionTableViewCell.swift in Sources */ = {isa = PBXBuildFile; fileRef = 153C1EAA1CC9ED2A00CF94C3 /* UserQuestionTableViewCell.swift */; };
		154174901D42CBA3001C703D /* ModalCreateOnboarding.xib in Resources */ = {isa = PBXBuildFile; fileRef = 1541748F1D42CBA3001C703D /* ModalCreateOnboarding.xib */; };
		154174921D42CFB9001C703D /* ModalCreateOnboarding.swift in Sources */ = {isa = PBXBuildFile; fileRef = 154174911D42CFB9001C703D /* ModalCreateOnboarding.swift */; };
		154174941D42E13D001C703D /* OHCircleSegue.swift in Sources */ = {isa = PBXBuildFile; fileRef = 154174931D42E13D001C703D /* OHCircleSegue.swift */; };
		157B9D071CA68B350026EFC1 /* .gitignore in Resources */ = {isa = PBXBuildFile; fileRef = 157B9D061CA68B350026EFC1 /* .gitignore */; };
		158C84F81D50E001007AEDDD /* KapistirImageGenerator.swift in Sources */ = {isa = PBXBuildFile; fileRef = 158C84F71D50E001007AEDDD /* KapistirImageGenerator.swift */; };
		158C84FA1D512EFC007AEDDD /* ShareManager.swift in Sources */ = {isa = PBXBuildFile; fileRef = 158C84F91D512EFC007AEDDD /* ShareManager.swift */; };
		159FABEF1CBEEE540049941E /* Publisher.swift in Sources */ = {isa = PBXBuildFile; fileRef = 159FABEE1CBEEE540049941E /* Publisher.swift */; };
		15B88F421D450452001856E6 /* README.md in Sources */ = {isa = PBXBuildFile; fileRef = 15B88F411D450452001856E6 /* README.md */; };
		15C0A9991D4C7B2C0013408B /* KPTableViews.storyboard in Resources */ = {isa = PBXBuildFile; fileRef = 15C0A9981D4C7B2C0013408B /* KPTableViews.storyboard */; };
		15E0D8511D5CCDD70041FB01 /* UIImageViewAligned.m in Sources */ = {isa = PBXBuildFile; fileRef = 15E0D8501D5CCDD70041FB01 /* UIImageViewAligned.m */; };
		15E0D8761D5CE4060041FB01 /* MDGroupAvatarView.swift in Sources */ = {isa = PBXBuildFile; fileRef = 15E0D8751D5CE4060041FB01 /* MDGroupAvatarView.swift */; };
		15E0D9361D6495750041FB01 /* UserList.storyboard in Resources */ = {isa = PBXBuildFile; fileRef = 15E0D9351D6495750041FB01 /* UserList.storyboard */; };
		15E0D9381D64959E0041FB01 /* UserListTableViewController.swift in Sources */ = {isa = PBXBuildFile; fileRef = 15E0D9371D64959E0041FB01 /* UserListTableViewController.swift */; };
		15E0D93A1D64961C0041FB01 /* UserListTableViewCell.swift in Sources */ = {isa = PBXBuildFile; fileRef = 15E0D9391D64961C0041FB01 /* UserListTableViewCell.swift */; };
		15F8F6571D495A95007D88E0 /* DOFavoriteButton.swift in Sources */ = {isa = PBXBuildFile; fileRef = 15F8F6561D495A95007D88E0 /* DOFavoriteButton.swift */; };
		1701CB01E1ED3277729308C8 /* Pods_Kap_s_t_rUITests.framework in Frameworks */ = {isa = PBXBuildFile; fileRef = 38FAA3E346AB8C79E2F3B270 /* Pods_Kap_s_t_rUITests.framework */; };
		96875AD61640E0644D4900AC /* Pods_Kap_s_t_r.framework in Frameworks */ = {isa = PBXBuildFile; fileRef = 0765F9A3D5BFBC0D6013196D /* Pods_Kap_s_t_r.framework */; };
		E21B37D4AAD1EDA120F9420E /* Pods_Kap_s_t_rTests.framework in Frameworks */ = {isa = PBXBuildFile; fileRef = 0C963BDA5E831170A92EB51E /* Pods_Kap_s_t_rTests.framework */; };
/* End PBXBuildFile section */

/* Begin PBXContainerItemProxy section */
		1535A6C01C953E8800897674 /* PBXContainerItemProxy */ = {
			isa = PBXContainerItemProxy;
			containerPortal = 1535A6A01C953E8800897674 /* Project object */;
			proxyType = 1;
			remoteGlobalIDString = 1535A6A71C953E8800897674;
			remoteInfo = "Kapıştır";
		};
		1535A6CB1C953E8800897674 /* PBXContainerItemProxy */ = {
			isa = PBXContainerItemProxy;
			containerPortal = 1535A6A01C953E8800897674 /* Project object */;
			proxyType = 1;
			remoteGlobalIDString = 1535A6A71C953E8800897674;
			remoteInfo = "Kapıştır";
		};
/* End PBXContainerItemProxy section */

/* Begin PBXFileReference section */
		07058E0A0C1E3F61F2075F7A /* Pods-Kapıştır.debug.xcconfig */ = {isa = PBXFileReference; includeInIndex = 1; lastKnownFileType = text.xcconfig; name = "Pods-Kapıştır.debug.xcconfig"; path = "Pods/Target Support Files/Pods-Kapıştır/Pods-Kapıştır.debug.xcconfig"; sourceTree = "<group>"; };
		0765F9A3D5BFBC0D6013196D /* Pods_Kap_s_t_r.framework */ = {isa = PBXFileReference; explicitFileType = wrapper.framework; includeInIndex = 0; path = Pods_Kap_s_t_r.framework; sourceTree = BUILT_PRODUCTS_DIR; };
		0C963BDA5E831170A92EB51E /* Pods_Kap_s_t_rTests.framework */ = {isa = PBXFileReference; explicitFileType = wrapper.framework; includeInIndex = 0; path = Pods_Kap_s_t_rTests.framework; sourceTree = BUILT_PRODUCTS_DIR; };
		151E1B331D10D3FE00FB524C /* applause.mp3 */ = {isa = PBXFileReference; lastKnownFileType = audio.mp3; name = applause.mp3; path = images/applause.mp3; sourceTree = "<group>"; };
		1535A6A81C953E8800897674 /* Kapıştır.app */ = {isa = PBXFileReference; explicitFileType = wrapper.application; includeInIndex = 0; path = "Kapıştır.app"; sourceTree = BUILT_PRODUCTS_DIR; };
		1535A6AB1C953E8800897674 /* AppDelegate.swift */ = {isa = PBXFileReference; lastKnownFileType = sourcecode.swift; name = AppDelegate.swift; path = "Kapıştır/AppDelegate.swift"; sourceTree = "<group>"; };
		1535A6B01C953E8800897674 /* Base */ = {isa = PBXFileReference; lastKnownFileType = file.storyboard; name = Base; path = Base.lproj/Main.storyboard; sourceTree = "<group>"; };
		1535A6B31C953E8800897674 /* Kap_s_t_r.xcdatamodel */ = {isa = PBXFileReference; lastKnownFileType = wrapper.xcdatamodel; path = Kap_s_t_r.xcdatamodel; sourceTree = "<group>"; };
		1535A6B51C953E8800897674 /* Assets.xcassets */ = {isa = PBXFileReference; lastKnownFileType = folder.assetcatalog; name = Assets.xcassets; path = "Kapıştır/Assets.xcassets"; sourceTree = "<group>"; };
		1535A6B81C953E8800897674 /* Base */ = {isa = PBXFileReference; lastKnownFileType = file.storyboard; name = Base; path = Base.lproj/LaunchScreen.storyboard; sourceTree = "<group>"; };
		1535A6BA1C953E8800897674 /* Info.plist */ = {isa = PBXFileReference; lastKnownFileType = text.plist.xml; name = Info.plist; path = "Kapıştır/Info.plist"; sourceTree = "<group>"; };
		1535A6BF1C953E8800897674 /* KapıştırTests.xctest */ = {isa = PBXFileReference; explicitFileType = wrapper.cfbundle; includeInIndex = 0; path = "KapıştırTests.xctest"; sourceTree = BUILT_PRODUCTS_DIR; };
		1535A6C31C953E8800897674 /* Kap_s_t_rTests.swift */ = {isa = PBXFileReference; lastKnownFileType = sourcecode.swift; path = Kap_s_t_rTests.swift; sourceTree = "<group>"; };
		1535A6C51C953E8800897674 /* Info.plist */ = {isa = PBXFileReference; lastKnownFileType = text.plist.xml; path = Info.plist; sourceTree = "<group>"; };
		1535A6CA1C953E8800897674 /* KapıştırUITests.xctest */ = {isa = PBXFileReference; explicitFileType = wrapper.cfbundle; includeInIndex = 0; path = "KapıştırUITests.xctest"; sourceTree = BUILT_PRODUCTS_DIR; };
		1535A6CE1C953E8800897674 /* Kap_s_t_rUITests.swift */ = {isa = PBXFileReference; lastKnownFileType = sourcecode.swift; path = Kap_s_t_rUITests.swift; sourceTree = "<group>"; };
		1535A6D01C953E8800897674 /* Info.plist */ = {isa = PBXFileReference; lastKnownFileType = text.plist.xml; path = Info.plist; sourceTree = "<group>"; };
		1535A6DE1C953ED000897674 /* App.swift */ = {isa = PBXFileReference; fileEncoding = 4; lastKnownFileType = sourcecode.swift; path = App.swift; sourceTree = "<group>"; };
		1535A6E01C953EFB00897674 /* Api.swift */ = {isa = PBXFileReference; fileEncoding = 4; lastKnownFileType = sourcecode.swift; path = Api.swift; sourceTree = "<group>"; };
		1535A6E21C95405C00897674 /* Question.swift */ = {isa = PBXFileReference; fileEncoding = 4; lastKnownFileType = sourcecode.swift; path = Question.swift; sourceTree = "<group>"; };
		1535A6E41C9541E600897674 /* MainTableViewController.swift */ = {isa = PBXFileReference; fileEncoding = 4; lastKnownFileType = sourcecode.swift; path = MainTableViewController.swift; sourceTree = "<group>"; };
		1535A6E61C95424700897674 /* QuestionTableViewCell.swift */ = {isa = PBXFileReference; fileEncoding = 4; lastKnownFileType = sourcecode.swift; path = QuestionTableViewCell.swift; sourceTree = "<group>"; };
		1535A6ED1C95657700897674 /* OnboardingTableViewCell.swift */ = {isa = PBXFileReference; fileEncoding = 4; lastKnownFileType = sourcecode.swift; path = OnboardingTableViewCell.swift; sourceTree = "<group>"; };
		1535A6EF1C95866D00897674 /* QuestionStore.swift */ = {isa = PBXFileReference; fileEncoding = 4; lastKnownFileType = sourcecode.swift; path = QuestionStore.swift; sourceTree = "<group>"; };
		1535A6F11C95C31000897674 /* RoundedImageButton.swift */ = {isa = PBXFileReference; fileEncoding = 4; lastKnownFileType = sourcecode.swift; name = RoundedImageButton.swift; path = "Kapıştır/RoundedImageButton.swift"; sourceTree = "<group>"; };
		1535A6F31C98C51700897674 /* MainViewController.swift */ = {isa = PBXFileReference; fileEncoding = 4; lastKnownFileType = sourcecode.swift; path = MainViewController.swift; sourceTree = "<group>"; };
		1535A6FC1C98CD3800897674 /* Kapıştır-Bridging-Header.h */ = {isa = PBXFileReference; fileEncoding = 4; lastKnownFileType = sourcecode.c.h; path = "Kapıştır-Bridging-Header.h"; sourceTree = "<group>"; };
		1535A6FD1C98CDB800897674 /* LoginViewController.swift */ = {isa = PBXFileReference; fileEncoding = 4; lastKnownFileType = sourcecode.swift; path = LoginViewController.swift; sourceTree = "<group>"; };
		1535A6FF1C99857700897674 /* UserProfileViewController.swift */ = {isa = PBXFileReference; fileEncoding = 4; lastKnownFileType = sourcecode.swift; path = UserProfileViewController.swift; sourceTree = "<group>"; };
		1535A7031C99DF9300897674 /* UserStore.swift */ = {isa = PBXFileReference; fileEncoding = 4; lastKnownFileType = sourcecode.swift; path = UserStore.swift; sourceTree = "<group>"; };
		1535A7051C99E23C00897674 /* User.swift */ = {isa = PBXFileReference; fileEncoding = 4; lastKnownFileType = sourcecode.swift; path = User.swift; sourceTree = "<group>"; };
		1535A7071C9A1E6E00897674 /* CreateViewController.swift */ = {isa = PBXFileReference; fileEncoding = 4; lastKnownFileType = sourcecode.swift; path = CreateViewController.swift; sourceTree = "<group>"; };
		153C1EA01CC6E80100CF94C3 /* ModalSaveQuestionSuccess.swift */ = {isa = PBXFileReference; fileEncoding = 4; lastKnownFileType = sourcecode.swift; path = ModalSaveQuestionSuccess.swift; sourceTree = "<group>"; };
		153C1EA21CC811BC00CF94C3 /* ModalSaveQuestionSuccess.xib */ = {isa = PBXFileReference; fileEncoding = 4; lastKnownFileType = file.xib; path = ModalSaveQuestionSuccess.xib; sourceTree = "<group>"; };
		153C1EA41CC8161D00CF94C3 /* PathDynamicModal.swift */ = {isa = PBXFileReference; fileEncoding = 4; lastKnownFileType = sourcecode.swift; path = PathDynamicModal.swift; sourceTree = "<group>"; };
		153C1EA61CC95FED00CF94C3 /* Answer.swift */ = {isa = PBXFileReference; fileEncoding = 4; lastKnownFileType = sourcecode.swift; path = Answer.swift; sourceTree = "<group>"; };
		153C1EA81CC9820900CF94C3 /* UserQuestionsTableViewController.swift */ = {isa = PBXFileReference; fileEncoding = 4; lastKnownFileType = sourcecode.swift; path = UserQuestionsTableViewController.swift; sourceTree = "<group>"; };
		153C1EAA1CC9ED2A00CF94C3 /* UserQuestionTableViewCell.swift */ = {isa = PBXFileReference; fileEncoding = 4; lastKnownFileType = sourcecode.swift; path = UserQuestionTableViewCell.swift; sourceTree = "<group>"; };
		1541748F1D42CBA3001C703D /* ModalCreateOnboarding.xib */ = {isa = PBXFileReference; fileEncoding = 4; lastKnownFileType = file.xib; path = ModalCreateOnboarding.xib; sourceTree = "<group>"; };
		154174911D42CFB9001C703D /* ModalCreateOnboarding.swift */ = {isa = PBXFileReference; fileEncoding = 4; lastKnownFileType = sourcecode.swift; path = ModalCreateOnboarding.swift; sourceTree = "<group>"; };
		154174931D42E13D001C703D /* OHCircleSegue.swift */ = {isa = PBXFileReference; fileEncoding = 4; lastKnownFileType = sourcecode.swift; name = OHCircleSegue.swift; path = "Kapıştır/OHCircleSegue.swift"; sourceTree = "<group>"; };
		157B9D061CA68B350026EFC1 /* .gitignore */ = {isa = PBXFileReference; fileEncoding = 4; lastKnownFileType = text; path = .gitignore; sourceTree = "<group>"; };
		158C84F71D50E001007AEDDD /* KapistirImageGenerator.swift */ = {isa = PBXFileReference; fileEncoding = 4; lastKnownFileType = sourcecode.swift; path = KapistirImageGenerator.swift; sourceTree = "<group>"; };
		158C84F91D512EFC007AEDDD /* ShareManager.swift */ = {isa = PBXFileReference; fileEncoding = 4; lastKnownFileType = sourcecode.swift; path = ShareManager.swift; sourceTree = "<group>"; };
		159FABEE1CBEEE540049941E /* Publisher.swift */ = {isa = PBXFileReference; fileEncoding = 4; lastKnownFileType = sourcecode.swift; path = Publisher.swift; sourceTree = "<group>"; };
		15B88F411D450452001856E6 /* README.md */ = {isa = PBXFileReference; fileEncoding = 4; lastKnownFileType = net.daringfireball.markdown; path = README.md; sourceTree = "<group>"; };
		15C0A9981D4C7B2C0013408B /* KPTableViews.storyboard */ = {isa = PBXFileReference; fileEncoding = 4; lastKnownFileType = file.storyboard; path = KPTableViews.storyboard; sourceTree = "<group>"; };
		15E0D84F1D5CCDD70041FB01 /* UIImageViewAligned.h */ = {isa = PBXFileReference; fileEncoding = 4; lastKnownFileType = sourcecode.c.h; path = UIImageViewAligned.h; sourceTree = "<group>"; };
		15E0D8501D5CCDD70041FB01 /* UIImageViewAligned.m */ = {isa = PBXFileReference; fileEncoding = 4; lastKnownFileType = sourcecode.c.objc; path = UIImageViewAligned.m; sourceTree = "<group>"; };
		15E0D8751D5CE4060041FB01 /* MDGroupAvatarView.swift */ = {isa = PBXFileReference; fileEncoding = 4; lastKnownFileType = sourcecode.swift; path = MDGroupAvatarView.swift; sourceTree = "<group>"; };
		15E0D9351D6495750041FB01 /* UserList.storyboard */ = {isa = PBXFileReference; fileEncoding = 4; lastKnownFileType = file.storyboard; path = UserList.storyboard; sourceTree = "<group>"; };
		15E0D9371D64959E0041FB01 /* UserListTableViewController.swift */ = {isa = PBXFileReference; fileEncoding = 4; lastKnownFileType = sourcecode.swift; path = UserListTableViewController.swift; sourceTree = "<group>"; };
		15E0D9391D64961C0041FB01 /* UserListTableViewCell.swift */ = {isa = PBXFileReference; fileEncoding = 4; lastKnownFileType = sourcecode.swift; path = UserListTableViewCell.swift; sourceTree = "<group>"; };
		15F8F6561D495A95007D88E0 /* DOFavoriteButton.swift */ = {isa = PBXFileReference; fileEncoding = 4; lastKnownFileType = sourcecode.swift; name = DOFavoriteButton.swift; path = "Kapıştır/DOFavoriteButton.swift"; sourceTree = "<group>"; };
		173111C3E688A9CEED72E3CD /* Pods-KapıştırUITests.debug.xcconfig */ = {isa = PBXFileReference; includeInIndex = 1; lastKnownFileType = text.xcconfig; name = "Pods-KapıştırUITests.debug.xcconfig"; path = "Pods/Target Support Files/Pods-KapıştırUITests/Pods-KapıştırUITests.debug.xcconfig"; sourceTree = "<group>"; };
		38FAA3E346AB8C79E2F3B270 /* Pods_Kap_s_t_rUITests.framework */ = {isa = PBXFileReference; explicitFileType = wrapper.framework; includeInIndex = 0; path = Pods_Kap_s_t_rUITests.framework; sourceTree = BUILT_PRODUCTS_DIR; };
		C48CD550B1B9662074A41C6A /* Pods-KapıştırUITests.release.xcconfig */ = {isa = PBXFileReference; includeInIndex = 1; lastKnownFileType = text.xcconfig; name = "Pods-KapıştırUITests.release.xcconfig"; path = "Pods/Target Support Files/Pods-KapıştırUITests/Pods-KapıştırUITests.release.xcconfig"; sourceTree = "<group>"; };
		CA35CDFD8CC6E9427CB74B6B /* Pods-Kapıştır.release.xcconfig */ = {isa = PBXFileReference; includeInIndex = 1; lastKnownFileType = text.xcconfig; name = "Pods-Kapıştır.release.xcconfig"; path = "Pods/Target Support Files/Pods-Kapıştır/Pods-Kapıştır.release.xcconfig"; sourceTree = "<group>"; };
		CA3EFF409AA241D6384A7581 /* Pods-KapıştırTests.debug.xcconfig */ = {isa = PBXFileReference; includeInIndex = 1; lastKnownFileType = text.xcconfig; name = "Pods-KapıştırTests.debug.xcconfig"; path = "Pods/Target Support Files/Pods-KapıştırTests/Pods-KapıştırTests.debug.xcconfig"; sourceTree = "<group>"; };
		F91172C44576460E0DD2F7A3 /* Pods-KapıştırTests.release.xcconfig */ = {isa = PBXFileReference; includeInIndex = 1; lastKnownFileType = text.xcconfig; name = "Pods-KapıştırTests.release.xcconfig"; path = "Pods/Target Support Files/Pods-KapıştırTests/Pods-KapıştırTests.release.xcconfig"; sourceTree = "<group>"; };
/* End PBXFileReference section */

/* Begin PBXFrameworksBuildPhase section */
		1535A6A51C953E8800897674 /* Frameworks */ = {
			isa = PBXFrameworksBuildPhase;
			buildActionMask = 2147483647;
			files = (
				96875AD61640E0644D4900AC /* Pods_Kap_s_t_r.framework in Frameworks */,
			);
			runOnlyForDeploymentPostprocessing = 0;
		};
		1535A6BC1C953E8800897674 /* Frameworks */ = {
			isa = PBXFrameworksBuildPhase;
			buildActionMask = 2147483647;
			files = (
				E21B37D4AAD1EDA120F9420E /* Pods_Kap_s_t_rTests.framework in Frameworks */,
			);
			runOnlyForDeploymentPostprocessing = 0;
		};
		1535A6C71C953E8800897674 /* Frameworks */ = {
			isa = PBXFrameworksBuildPhase;
			buildActionMask = 2147483647;
			files = (
				1701CB01E1ED3277729308C8 /* Pods_Kap_s_t_rUITests.framework in Frameworks */,
			);
			runOnlyForDeploymentPostprocessing = 0;
		};
/* End PBXFrameworksBuildPhase section */

/* Begin PBXGroup section */
		1535A69F1C953E8800897674 = {
			isa = PBXGroup;
			children = (
				15B88F411D450452001856E6 /* README.md */,
				157B9D061CA68B350026EFC1 /* .gitignore */,
				1535A6DD1C953EAA00897674 /* Supporting Files */,
				1535A6DC1C953E9100897674 /* Model */,
				1535A6AA1C953E8800897674 /* Main */,
				1535A6C21C953E8800897674 /* KapıştırTests */,
				1535A6CD1C953E8800897674 /* KapıştırUITests */,
				1535A6A91C953E8800897674 /* Products */,
				D16F260F12F7970B3FC472A8 /* Pods */,
				521D9A1C89270F31587B8A77 /* Frameworks */,
			);
			sourceTree = "<group>";
		};
		1535A6A91C953E8800897674 /* Products */ = {
			isa = PBXGroup;
			children = (
				1535A6A81C953E8800897674 /* Kapıştır.app */,
				1535A6BF1C953E8800897674 /* KapıştırTests.xctest */,
				1535A6CA1C953E8800897674 /* KapıştırUITests.xctest */,
			);
			name = Products;
			sourceTree = "<group>";
		};
		1535A6AA1C953E8800897674 /* Main */ = {
			isa = PBXGroup;
			children = (
				1535A6F31C98C51700897674 /* MainViewController.swift */,
				1535A6E41C9541E600897674 /* MainTableViewController.swift */,
				1535A6E61C95424700897674 /* QuestionTableViewCell.swift */,
				1535A6ED1C95657700897674 /* OnboardingTableViewCell.swift */,
				1535A6FD1C98CDB800897674 /* LoginViewController.swift */,
				1535A6FF1C99857700897674 /* UserProfileViewController.swift */,
				1535A7071C9A1E6E00897674 /* CreateViewController.swift */,
				153C1EA81CC9820900CF94C3 /* UserQuestionsTableViewController.swift */,
				153C1EAA1CC9ED2A00CF94C3 /* UserQuestionTableViewCell.swift */,
				1535A6AF1C953E8800897674 /* Main.storyboard */,
				153C1EA21CC811BC00CF94C3 /* ModalSaveQuestionSuccess.xib */,
				153C1EA01CC6E80100CF94C3 /* ModalSaveQuestionSuccess.swift */,
				1541748F1D42CBA3001C703D /* ModalCreateOnboarding.xib */,
				154174911D42CFB9001C703D /* ModalCreateOnboarding.swift */,
				15C0A9981D4C7B2C0013408B /* KPTableViews.storyboard */,
				15E0D9351D6495750041FB01 /* UserList.storyboard */,
				15E0D9371D64959E0041FB01 /* UserListTableViewController.swift */,
				15E0D9391D64961C0041FB01 /* UserListTableViewCell.swift */,
			);
			name = Main;
			path = "Kapıştır";
			sourceTree = "<group>";
		};
		1535A6C21C953E8800897674 /* KapıştırTests */ = {
			isa = PBXGroup;
			children = (
				1535A6C31C953E8800897674 /* Kap_s_t_rTests.swift */,
				1535A6C51C953E8800897674 /* Info.plist */,
			);
			path = "KapıştırTests";
			sourceTree = "<group>";
		};
		1535A6CD1C953E8800897674 /* KapıştırUITests */ = {
			isa = PBXGroup;
			children = (
				1535A6CE1C953E8800897674 /* Kap_s_t_rUITests.swift */,
				1535A6D01C953E8800897674 /* Info.plist */,
			);
			path = "KapıştırUITests";
			sourceTree = "<group>";
		};
		1535A6DC1C953E9100897674 /* Model */ = {
			isa = PBXGroup;
			children = (
				153C1EA61CC95FED00CF94C3 /* Answer.swift */,
				1535A6F11C95C31000897674 /* RoundedImageButton.swift */,
				1535A6AB1C953E8800897674 /* AppDelegate.swift */,
				1535A6DE1C953ED000897674 /* App.swift */,
				1535A6E01C953EFB00897674 /* Api.swift */,
				1535A6E21C95405C00897674 /* Question.swift */,
				1535A6EF1C95866D00897674 /* QuestionStore.swift */,
				1535A7051C99E23C00897674 /* User.swift */,
				1535A7031C99DF9300897674 /* UserStore.swift */,
				159FABEE1CBEEE540049941E /* Publisher.swift */,
				153C1EA41CC8161D00CF94C3 /* PathDynamicModal.swift */,
				154174931D42E13D001C703D /* OHCircleSegue.swift */,
				15F8F6561D495A95007D88E0 /* DOFavoriteButton.swift */,
				158C84F71D50E001007AEDDD /* KapistirImageGenerator.swift */,
				158C84F91D512EFC007AEDDD /* ShareManager.swift */,
				15E0D8751D5CE4060041FB01 /* MDGroupAvatarView.swift */,
			);
			name = Model;
			sourceTree = "<group>";
		};
		1535A6DD1C953EAA00897674 /* Supporting Files */ = {
			isa = PBXGroup;
			children = (
				1535A6B51C953E8800897674 /* Assets.xcassets */,
				151E1B331D10D3FE00FB524C /* applause.mp3 */,
				1535A6BA1C953E8800897674 /* Info.plist */,
				1535A6B71C953E8800897674 /* LaunchScreen.storyboard */,
				1535A6B21C953E8800897674 /* Kap_s_t_r.xcdatamodeld */,
				15E0D84F1D5CCDD70041FB01 /* UIImageViewAligned.h */,
				15E0D8501D5CCDD70041FB01 /* UIImageViewAligned.m */,
				1535A6FC1C98CD3800897674 /* Kapıştır-Bridging-Header.h */,
			);
			name = "Supporting Files";
			sourceTree = "<group>";
		};
		521D9A1C89270F31587B8A77 /* Frameworks */ = {
			isa = PBXGroup;
			children = (
				0765F9A3D5BFBC0D6013196D /* Pods_Kap_s_t_r.framework */,
				0C963BDA5E831170A92EB51E /* Pods_Kap_s_t_rTests.framework */,
				38FAA3E346AB8C79E2F3B270 /* Pods_Kap_s_t_rUITests.framework */,
			);
			name = Frameworks;
			sourceTree = "<group>";
		};
		D16F260F12F7970B3FC472A8 /* Pods */ = {
			isa = PBXGroup;
			children = (
				07058E0A0C1E3F61F2075F7A /* Pods-Kapıştır.debug.xcconfig */,
				CA35CDFD8CC6E9427CB74B6B /* Pods-Kapıştır.release.xcconfig */,
				CA3EFF409AA241D6384A7581 /* Pods-KapıştırTests.debug.xcconfig */,
				F91172C44576460E0DD2F7A3 /* Pods-KapıştırTests.release.xcconfig */,
				173111C3E688A9CEED72E3CD /* Pods-KapıştırUITests.debug.xcconfig */,
				C48CD550B1B9662074A41C6A /* Pods-KapıştırUITests.release.xcconfig */,
			);
			name = Pods;
			sourceTree = "<group>";
		};
/* End PBXGroup section */

/* Begin PBXNativeTarget section */
		1535A6A71C953E8800897674 /* Kapıştır */ = {
			isa = PBXNativeTarget;
			buildConfigurationList = 1535A6D31C953E8800897674 /* Build configuration list for PBXNativeTarget "Kapıştır" */;
			buildPhases = (
				F366636B0AAC05BE5ADD8FF6 /* [CP] Check Pods Manifest.lock */,
				1535A6A41C953E8800897674 /* Sources */,
				1535A6A51C953E8800897674 /* Frameworks */,
				1535A6A61C953E8800897674 /* Resources */,
				150047711D1EB534000BB034 /* ShellScript */,
				0FB1A73B5BA3B809AA78D62F /* [CP] Embed Pods Frameworks */,
				921BA416A5929136BEAC5A94 /* [CP] Copy Pods Resources */,
			);
			buildRules = (
			);
			dependencies = (
			);
			name = "Kapıştır";
			productName = "Kapıştır";
			productReference = 1535A6A81C953E8800897674 /* Kapıştır.app */;
			productType = "com.apple.product-type.application";
		};
		1535A6BE1C953E8800897674 /* KapıştırTests */ = {
			isa = PBXNativeTarget;
			buildConfigurationList = 1535A6D61C953E8800897674 /* Build configuration list for PBXNativeTarget "KapıştırTests" */;
			buildPhases = (
				7ABC4949E922016A3F2CCE72 /* [CP] Check Pods Manifest.lock */,
				1535A6BB1C953E8800897674 /* Sources */,
				1535A6BC1C953E8800897674 /* Frameworks */,
				1535A6BD1C953E8800897674 /* Resources */,
				889AC9B563234AC5E2B2AE64 /* [CP] Embed Pods Frameworks */,
				E2AF74F9D0059676896E6322 /* [CP] Copy Pods Resources */,
			);
			buildRules = (
			);
			dependencies = (
				1535A6C11C953E8800897674 /* PBXTargetDependency */,
			);
			name = "KapıştırTests";
			productName = "KapıştırTests";
			productReference = 1535A6BF1C953E8800897674 /* KapıştırTests.xctest */;
			productType = "com.apple.product-type.bundle.unit-test";
		};
		1535A6C91C953E8800897674 /* KapıştırUITests */ = {
			isa = PBXNativeTarget;
			buildConfigurationList = 1535A6D91C953E8800897674 /* Build configuration list for PBXNativeTarget "KapıştırUITests" */;
			buildPhases = (
				53CB5F93FF36FD51F8C19F77 /* [CP] Check Pods Manifest.lock */,
				1535A6C61C953E8800897674 /* Sources */,
				1535A6C71C953E8800897674 /* Frameworks */,
				1535A6C81C953E8800897674 /* Resources */,
				3C46F2F1ADFE6B99C9BA55C8 /* [CP] Copy Pods Resources */,
			);
			buildRules = (
			);
			dependencies = (
				1535A6CC1C953E8800897674 /* PBXTargetDependency */,
			);
			name = "KapıştırUITests";
			productName = "KapıştırUITests";
			productReference = 1535A6CA1C953E8800897674 /* KapıştırUITests.xctest */;
			productType = "com.apple.product-type.bundle.ui-testing";
		};
/* End PBXNativeTarget section */

/* Begin PBXProject section */
		1535A6A01C953E8800897674 /* Project object */ = {
			isa = PBXProject;
			attributes = {
				LastSwiftUpdateCheck = 0720;
				LastUpgradeCheck = 0720;
				ORGANIZATIONNAME = "Evren Yortuçboylu";
				TargetAttributes = {
					1535A6A71C953E8800897674 = {
						CreatedOnToolsVersion = 7.2.1;
						DevelopmentTeam = ESA5635Y2J;
					};
					1535A6BE1C953E8800897674 = {
						CreatedOnToolsVersion = 7.2.1;
						TestTargetID = 1535A6A71C953E8800897674;
					};
					1535A6C91C953E8800897674 = {
						CreatedOnToolsVersion = 7.2.1;
						TestTargetID = 1535A6A71C953E8800897674;
					};
				};
			};
			buildConfigurationList = 1535A6A31C953E8800897674 /* Build configuration list for PBXProject "Kapıştır" */;
			compatibilityVersion = "Xcode 3.2";
			developmentRegion = English;
			hasScannedForEncodings = 0;
			knownRegions = (
				en,
				Base,
			);
			mainGroup = 1535A69F1C953E8800897674;
			productRefGroup = 1535A6A91C953E8800897674 /* Products */;
			projectDirPath = "";
			projectRoot = "";
			targets = (
				1535A6A71C953E8800897674 /* Kapıştır */,
				1535A6BE1C953E8800897674 /* KapıştırTests */,
				1535A6C91C953E8800897674 /* KapıştırUITests */,
			);
		};
/* End PBXProject section */

/* Begin PBXResourcesBuildPhase section */
		1535A6A61C953E8800897674 /* Resources */ = {
			isa = PBXResourcesBuildPhase;
			buildActionMask = 2147483647;
			files = (
				15E0D9361D6495750041FB01 /* UserList.storyboard in Resources */,
				157B9D071CA68B350026EFC1 /* .gitignore in Resources */,
				151E1B341D10D3FE00FB524C /* applause.mp3 in Resources */,
				1535A6B91C953E8800897674 /* LaunchScreen.storyboard in Resources */,
				1535A6B61C953E8800897674 /* Assets.xcassets in Resources */,
				153C1EA31CC811BC00CF94C3 /* ModalSaveQuestionSuccess.xib in Resources */,
				1535A6B11C953E8800897674 /* Main.storyboard in Resources */,
				154174901D42CBA3001C703D /* ModalCreateOnboarding.xib in Resources */,
				15C0A9991D4C7B2C0013408B /* KPTableViews.storyboard in Resources */,
			);
			runOnlyForDeploymentPostprocessing = 0;
		};
		1535A6BD1C953E8800897674 /* Resources */ = {
			isa = PBXResourcesBuildPhase;
			buildActionMask = 2147483647;
			files = (
			);
			runOnlyForDeploymentPostprocessing = 0;
		};
		1535A6C81C953E8800897674 /* Resources */ = {
			isa = PBXResourcesBuildPhase;
			buildActionMask = 2147483647;
			files = (
			);
			runOnlyForDeploymentPostprocessing = 0;
		};
/* End PBXResourcesBuildPhase section */

/* Begin PBXShellScriptBuildPhase section */
		0FB1A73B5BA3B809AA78D62F /* [CP] Embed Pods Frameworks */ = {
			isa = PBXShellScriptBuildPhase;
			buildActionMask = 2147483647;
			files = (
			);
			inputPaths = (
			);
			name = "[CP] Embed Pods Frameworks";
			outputPaths = (
			);
			runOnlyForDeploymentPostprocessing = 0;
			shellPath = /bin/sh;
			shellScript = "\"${SRCROOT}/Pods/Target Support Files/Pods-Kapıştır/Pods-Kapıştır-frameworks.sh\"\n";
			showEnvVarsInLog = 0;
		};
		150047711D1EB534000BB034 /* ShellScript */ = {
			isa = PBXShellScriptBuildPhase;
			buildActionMask = 2147483647;
			files = (
			);
			inputPaths = (
			);
			outputPaths = (
			);
			runOnlyForDeploymentPostprocessing = 0;
			shellPath = /bin/sh;
			shellScript = "\"${PODS_ROOT}/Fabric/run\" 7af1b4c317e31b006e8caaf4a44e31e752dbac23 0dbb6237b9483020a8cecd78bdf1edf5567e3540031b34a1cde48e161c753437";
		};
		3C46F2F1ADFE6B99C9BA55C8 /* [CP] Copy Pods Resources */ = {
			isa = PBXShellScriptBuildPhase;
			buildActionMask = 2147483647;
			files = (
			);
			inputPaths = (
			);
			name = "[CP] Copy Pods Resources";
			outputPaths = (
			);
			runOnlyForDeploymentPostprocessing = 0;
			shellPath = /bin/sh;
			shellScript = "\"${SRCROOT}/Pods/Target Support Files/Pods-KapıştırUITests/Pods-KapıştırUITests-resources.sh\"\n";
			showEnvVarsInLog = 0;
		};
		53CB5F93FF36FD51F8C19F77 /* [CP] Check Pods Manifest.lock */ = {
			isa = PBXShellScriptBuildPhase;
			buildActionMask = 2147483647;
			files = (
			);
			inputPaths = (
			);
			name = "[CP] Check Pods Manifest.lock";
			outputPaths = (
			);
			runOnlyForDeploymentPostprocessing = 0;
			shellPath = /bin/sh;
			shellScript = "diff \"${PODS_ROOT}/../Podfile.lock\" \"${PODS_ROOT}/Manifest.lock\" > /dev/null\nif [[ $? != 0 ]] ; then\n    cat << EOM\nerror: The sandbox is not in sync with the Podfile.lock. Run 'pod install' or update your CocoaPods installation.\nEOM\n    exit 1\nfi\n";
			showEnvVarsInLog = 0;
		};
		7ABC4949E922016A3F2CCE72 /* [CP] Check Pods Manifest.lock */ = {
			isa = PBXShellScriptBuildPhase;
			buildActionMask = 2147483647;
			files = (
			);
			inputPaths = (
			);
			name = "[CP] Check Pods Manifest.lock";
			outputPaths = (
			);
			runOnlyForDeploymentPostprocessing = 0;
			shellPath = /bin/sh;
			shellScript = "diff \"${PODS_ROOT}/../Podfile.lock\" \"${PODS_ROOT}/Manifest.lock\" > /dev/null\nif [[ $? != 0 ]] ; then\n    cat << EOM\nerror: The sandbox is not in sync with the Podfile.lock. Run 'pod install' or update your CocoaPods installation.\nEOM\n    exit 1\nfi\n";
			showEnvVarsInLog = 0;
		};
		889AC9B563234AC5E2B2AE64 /* [CP] Embed Pods Frameworks */ = {
			isa = PBXShellScriptBuildPhase;
			buildActionMask = 2147483647;
			files = (
			);
			inputPaths = (
			);
			name = "[CP] Embed Pods Frameworks";
			outputPaths = (
			);
			runOnlyForDeploymentPostprocessing = 0;
			shellPath = /bin/sh;
			shellScript = "\"${SRCROOT}/Pods/Target Support Files/Pods-KapıştırTests/Pods-KapıştırTests-frameworks.sh\"\n";
			showEnvVarsInLog = 0;
		};
		921BA416A5929136BEAC5A94 /* [CP] Copy Pods Resources */ = {
			isa = PBXShellScriptBuildPhase;
			buildActionMask = 2147483647;
			files = (
			);
			inputPaths = (
			);
			name = "[CP] Copy Pods Resources";
			outputPaths = (
			);
			runOnlyForDeploymentPostprocessing = 0;
			shellPath = /bin/sh;
			shellScript = "\"${SRCROOT}/Pods/Target Support Files/Pods-Kapıştır/Pods-Kapıştır-resources.sh\"\n";
			showEnvVarsInLog = 0;
		};
		E2AF74F9D0059676896E6322 /* [CP] Copy Pods Resources */ = {
			isa = PBXShellScriptBuildPhase;
			buildActionMask = 2147483647;
			files = (
			);
			inputPaths = (
			);
			name = "[CP] Copy Pods Resources";
			outputPaths = (
			);
			runOnlyForDeploymentPostprocessing = 0;
			shellPath = /bin/sh;
			shellScript = "\"${SRCROOT}/Pods/Target Support Files/Pods-KapıştırTests/Pods-KapıştırTests-resources.sh\"\n";
			showEnvVarsInLog = 0;
		};
		F366636B0AAC05BE5ADD8FF6 /* [CP] Check Pods Manifest.lock */ = {
			isa = PBXShellScriptBuildPhase;
			buildActionMask = 2147483647;
			files = (
			);
			inputPaths = (
			);
			name = "[CP] Check Pods Manifest.lock";
			outputPaths = (
			);
			runOnlyForDeploymentPostprocessing = 0;
			shellPath = /bin/sh;
			shellScript = "diff \"${PODS_ROOT}/../Podfile.lock\" \"${PODS_ROOT}/Manifest.lock\" > /dev/null\nif [[ $? != 0 ]] ; then\n    cat << EOM\nerror: The sandbox is not in sync with the Podfile.lock. Run 'pod install' or update your CocoaPods installation.\nEOM\n    exit 1\nfi\n";
			showEnvVarsInLog = 0;
		};
/* End PBXShellScriptBuildPhase section */

/* Begin PBXSourcesBuildPhase section */
		1535A6A41C953E8800897674 /* Sources */ = {
			isa = PBXSourcesBuildPhase;
			buildActionMask = 2147483647;
			files = (
				1535A6FE1C98CDB800897674 /* LoginViewController.swift in Sources */,
				1535A6DF1C953ED000897674 /* App.swift in Sources */,
				1535A6F41C98C51700897674 /* MainViewController.swift in Sources */,
				1535A6B41C953E8800897674 /* Kap_s_t_r.xcdatamodeld in Sources */,
				1535A6E31C95405C00897674 /* Question.swift in Sources */,
				158C84F81D50E001007AEDDD /* KapistirImageGenerator.swift in Sources */,
				154174921D42CFB9001C703D /* ModalCreateOnboarding.swift in Sources */,
				15E0D9381D64959E0041FB01 /* UserListTableViewController.swift in Sources */,
				1535A6F01C95866D00897674 /* QuestionStore.swift in Sources */,
				1535A6E11C953EFB00897674 /* Api.swift in Sources */,
				153C1EA71CC95FED00CF94C3 /* Answer.swift in Sources */,
				1535A6F21C95C31000897674 /* RoundedImageButton.swift in Sources */,
				1535A7081C9A1E6E00897674 /* CreateViewController.swift in Sources */,
				153C1EA91CC9820900CF94C3 /* UserQuestionsTableViewController.swift in Sources */,
				15B88F421D450452001856E6 /* README.md in Sources */,
				15E0D8511D5CCDD70041FB01 /* UIImageViewAligned.m in Sources */,
				1535A7061C99E23C00897674 /* User.swift in Sources */,
				158C84FA1D512EFC007AEDDD /* ShareManager.swift in Sources */,
				159FABEF1CBEEE540049941E /* Publisher.swift in Sources */,
				1535A7041C99DF9300897674 /* UserStore.swift in Sources */,
				15E0D93A1D64961C0041FB01 /* UserListTableViewCell.swift in Sources */,
				153C1EAB1CC9ED2A00CF94C3 /* UserQuestionTableViewCell.swift in Sources */,
				154174941D42E13D001C703D /* OHCircleSegue.swift in Sources */,
				1535A7001C99857700897674 /* UserProfileViewController.swift in Sources */,
				1535A6E51C9541E600897674 /* MainTableViewController.swift in Sources */,
				153C1EA11CC6E80100CF94C3 /* ModalSaveQuestionSuccess.swift in Sources */,
				1535A6AC1C953E8800897674 /* AppDelegate.swift in Sources */,
				1535A6EE1C95657700897674 /* OnboardingTableViewCell.swift in Sources */,
				1535A6E71C95424700897674 /* QuestionTableViewCell.swift in Sources */,
				15F8F6571D495A95007D88E0 /* DOFavoriteButton.swift in Sources */,
				15E0D8761D5CE4060041FB01 /* MDGroupAvatarView.swift in Sources */,
				153C1EA51CC8161D00CF94C3 /* PathDynamicModal.swift in Sources */,
			);
			runOnlyForDeploymentPostprocessing = 0;
		};
		1535A6BB1C953E8800897674 /* Sources */ = {
			isa = PBXSourcesBuildPhase;
			buildActionMask = 2147483647;
			files = (
				1535A6C41C953E8800897674 /* Kap_s_t_rTests.swift in Sources */,
			);
			runOnlyForDeploymentPostprocessing = 0;
		};
		1535A6C61C953E8800897674 /* Sources */ = {
			isa = PBXSourcesBuildPhase;
			buildActionMask = 2147483647;
			files = (
				1535A6CF1C953E8800897674 /* Kap_s_t_rUITests.swift in Sources */,
			);
			runOnlyForDeploymentPostprocessing = 0;
		};
/* End PBXSourcesBuildPhase section */

/* Begin PBXTargetDependency section */
		1535A6C11C953E8800897674 /* PBXTargetDependency */ = {
			isa = PBXTargetDependency;
			target = 1535A6A71C953E8800897674 /* Kapıştır */;
			targetProxy = 1535A6C01C953E8800897674 /* PBXContainerItemProxy */;
		};
		1535A6CC1C953E8800897674 /* PBXTargetDependency */ = {
			isa = PBXTargetDependency;
			target = 1535A6A71C953E8800897674 /* Kapıştır */;
			targetProxy = 1535A6CB1C953E8800897674 /* PBXContainerItemProxy */;
		};
/* End PBXTargetDependency section */

/* Begin PBXVariantGroup section */
		1535A6AF1C953E8800897674 /* Main.storyboard */ = {
			isa = PBXVariantGroup;
			children = (
				1535A6B01C953E8800897674 /* Base */,
			);
			name = Main.storyboard;
			sourceTree = "<group>";
		};
		1535A6B71C953E8800897674 /* LaunchScreen.storyboard */ = {
			isa = PBXVariantGroup;
			children = (
				1535A6B81C953E8800897674 /* Base */,
			);
			name = LaunchScreen.storyboard;
			path = "Kapıştır";
			sourceTree = "<group>";
		};
/* End PBXVariantGroup section */

/* Begin XCBuildConfiguration section */
		1535A6D11C953E8800897674 /* Debug */ = {
			isa = XCBuildConfiguration;
			buildSettings = {
				ALWAYS_SEARCH_USER_PATHS = NO;
				CLANG_CXX_LANGUAGE_STANDARD = "gnu++0x";
				CLANG_CXX_LIBRARY = "libc++";
				CLANG_ENABLE_MODULES = YES;
				CLANG_ENABLE_OBJC_ARC = YES;
				CLANG_WARN_BOOL_CONVERSION = YES;
				CLANG_WARN_CONSTANT_CONVERSION = YES;
				CLANG_WARN_DIRECT_OBJC_ISA_USAGE = YES_ERROR;
				CLANG_WARN_EMPTY_BODY = YES;
				CLANG_WARN_ENUM_CONVERSION = YES;
				CLANG_WARN_INT_CONVERSION = YES;
				CLANG_WARN_OBJC_ROOT_CLASS = YES_ERROR;
				CLANG_WARN_UNREACHABLE_CODE = YES;
				CLANG_WARN__DUPLICATE_METHOD_MATCH = YES;
				"CODE_SIGN_IDENTITY[sdk=iphoneos*]" = "iPhone Developer";
				COPY_PHASE_STRIP = NO;
				DEBUG_INFORMATION_FORMAT = dwarf;
				ENABLE_STRICT_OBJC_MSGSEND = YES;
				ENABLE_TESTABILITY = YES;
				GCC_C_LANGUAGE_STANDARD = gnu99;
				GCC_DYNAMIC_NO_PIC = NO;
				GCC_NO_COMMON_BLOCKS = YES;
				GCC_OPTIMIZATION_LEVEL = 0;
				GCC_PREPROCESSOR_DEFINITIONS = (
					"DEBUG=1",
					"$(inherited)",
				);
				GCC_WARN_64_TO_32_BIT_CONVERSION = YES;
				GCC_WARN_ABOUT_RETURN_TYPE = YES_ERROR;
				GCC_WARN_UNDECLARED_SELECTOR = YES;
				GCC_WARN_UNINITIALIZED_AUTOS = YES_AGGRESSIVE;
				GCC_WARN_UNUSED_FUNCTION = YES;
				GCC_WARN_UNUSED_VARIABLE = YES;
				IPHONEOS_DEPLOYMENT_TARGET = 9.2;
				MTL_ENABLE_DEBUG_INFO = YES;
				ONLY_ACTIVE_ARCH = YES;
				SDKROOT = iphoneos;
				SWIFT_OPTIMIZATION_LEVEL = "-Onone";
			};
			name = Debug;
		};
		1535A6D21C953E8800897674 /* Release */ = {
			isa = XCBuildConfiguration;
			buildSettings = {
				ALWAYS_SEARCH_USER_PATHS = NO;
				CLANG_CXX_LANGUAGE_STANDARD = "gnu++0x";
				CLANG_CXX_LIBRARY = "libc++";
				CLANG_ENABLE_MODULES = YES;
				CLANG_ENABLE_OBJC_ARC = YES;
				CLANG_WARN_BOOL_CONVERSION = YES;
				CLANG_WARN_CONSTANT_CONVERSION = YES;
				CLANG_WARN_DIRECT_OBJC_ISA_USAGE = YES_ERROR;
				CLANG_WARN_EMPTY_BODY = YES;
				CLANG_WARN_ENUM_CONVERSION = YES;
				CLANG_WARN_INT_CONVERSION = YES;
				CLANG_WARN_OBJC_ROOT_CLASS = YES_ERROR;
				CLANG_WARN_UNREACHABLE_CODE = YES;
				CLANG_WARN__DUPLICATE_METHOD_MATCH = YES;
				"CODE_SIGN_IDENTITY[sdk=iphoneos*]" = "iPhone Developer";
				COPY_PHASE_STRIP = NO;
				DEBUG_INFORMATION_FORMAT = "dwarf-with-dsym";
				ENABLE_NS_ASSERTIONS = NO;
				ENABLE_STRICT_OBJC_MSGSEND = YES;
				GCC_C_LANGUAGE_STANDARD = gnu99;
				GCC_NO_COMMON_BLOCKS = YES;
				GCC_WARN_64_TO_32_BIT_CONVERSION = YES;
				GCC_WARN_ABOUT_RETURN_TYPE = YES_ERROR;
				GCC_WARN_UNDECLARED_SELECTOR = YES;
				GCC_WARN_UNINITIALIZED_AUTOS = YES_AGGRESSIVE;
				GCC_WARN_UNUSED_FUNCTION = YES;
				GCC_WARN_UNUSED_VARIABLE = YES;
				IPHONEOS_DEPLOYMENT_TARGET = 9.2;
				MTL_ENABLE_DEBUG_INFO = NO;
				SDKROOT = iphoneos;
				VALIDATE_PRODUCT = YES;
			};
			name = Release;
		};
		1535A6D41C953E8800897674 /* Debug */ = {
			isa = XCBuildConfiguration;
			baseConfigurationReference = 07058E0A0C1E3F61F2075F7A /* Pods-Kapıştır.debug.xcconfig */;
			buildSettings = {
				ASSETCATALOG_COMPILER_APPICON_NAME = AppIcon;
				CLANG_ALLOW_NON_MODULAR_INCLUDES_IN_FRAMEWORK_MODULES = YES;
				CODE_SIGN_IDENTITY = "iPhone Developer";
				DEBUG_INFORMATION_FORMAT = "dwarf-with-dsym";
				ENABLE_BITCODE = NO;
				FRAMEWORK_SEARCH_PATHS = (
					"$(inherited)",
					"$(PROJECT_DIR)",
					"$(PROJECT_DIR)/Frameworks",
				);
				INFOPLIST_FILE = "Kapıştır/Info.plist";
				IPHONEOS_DEPLOYMENT_TARGET = 8.2;
				LD_RUNPATH_SEARCH_PATHS = "$(inherited) @executable_path/Frameworks";
				PRODUCT_BUNDLE_IDENTIFIER = coderockets.kapistir;
				PRODUCT_NAME = "$(TARGET_NAME)";
				SWIFT_OBJC_BRIDGING_HEADER = "Kapıştır-Bridging-Header.h";
			};
			name = Debug;
		};
		1535A6D51C953E8800897674 /* Release */ = {
			isa = XCBuildConfiguration;
			baseConfigurationReference = CA35CDFD8CC6E9427CB74B6B /* Pods-Kapıştır.release.xcconfig */;
			buildSettings = {
				ASSETCATALOG_COMPILER_APPICON_NAME = AppIcon;
				CLANG_ALLOW_NON_MODULAR_INCLUDES_IN_FRAMEWORK_MODULES = YES;
				CODE_SIGN_IDENTITY = "iPhone Developer";
				ENABLE_BITCODE = NO;
				FRAMEWORK_SEARCH_PATHS = (
					"$(inherited)",
					"$(PROJECT_DIR)",
					"$(PROJECT_DIR)/Frameworks",
				);
				INFOPLIST_FILE = "Kapıştır/Info.plist";
				IPHONEOS_DEPLOYMENT_TARGET = 8.2;
				LD_RUNPATH_SEARCH_PATHS = "$(inherited) @executable_path/Frameworks";
				PRODUCT_BUNDLE_IDENTIFIER = coderockets.kapistir;
				PRODUCT_NAME = "$(TARGET_NAME)";
				SWIFT_OBJC_BRIDGING_HEADER = "Kapıştır-Bridging-Header.h";
			};
			name = Release;
		};
		1535A6D71C953E8800897674 /* Debug */ = {
			isa = XCBuildConfiguration;
			baseConfigurationReference = CA3EFF409AA241D6384A7581 /* Pods-KapıştırTests.debug.xcconfig */;
			buildSettings = {
				BUNDLE_LOADER = "$(TEST_HOST)";
				INFOPLIST_FILE = "KapıştırTests/Info.plist";
				LD_RUNPATH_SEARCH_PATHS = "$(inherited) @executable_path/Frameworks @loader_path/Frameworks";
				PRODUCT_BUNDLE_IDENTIFIER = "com.yortuc.Kap-s-t-rTests";
				PRODUCT_NAME = "$(TARGET_NAME)";
				TEST_HOST = "$(BUILT_PRODUCTS_DIR)/Kapıştır.app/Kapıştır";
			};
			name = Debug;
		};
		1535A6D81C953E8800897674 /* Release */ = {
			isa = XCBuildConfiguration;
			baseConfigurationReference = F91172C44576460E0DD2F7A3 /* Pods-KapıştırTests.release.xcconfig */;
			buildSettings = {
				BUNDLE_LOADER = "$(TEST_HOST)";
				INFOPLIST_FILE = "KapıştırTests/Info.plist";
				LD_RUNPATH_SEARCH_PATHS = "$(inherited) @executable_path/Frameworks @loader_path/Frameworks";
				PRODUCT_BUNDLE_IDENTIFIER = "com.yortuc.Kap-s-t-rTests";
				PRODUCT_NAME = "$(TARGET_NAME)";
				TEST_HOST = "$(BUILT_PRODUCTS_DIR)/Kapıştır.app/Kapıştır";
			};
			name = Release;
		};
		1535A6DA1C953E8800897674 /* Debug */ = {
			isa = XCBuildConfiguration;
			baseConfigurationReference = 173111C3E688A9CEED72E3CD /* Pods-KapıştırUITests.debug.xcconfig */;
			buildSettings = {
				INFOPLIST_FILE = "KapıştırUITests/Info.plist";
				LD_RUNPATH_SEARCH_PATHS = "$(inherited) @executable_path/Frameworks @loader_path/Frameworks";
				PRODUCT_BUNDLE_IDENTIFIER = "com.yortuc.Kap-s-t-rUITests";
				PRODUCT_NAME = "$(TARGET_NAME)";
				TEST_TARGET_NAME = "Kapıştır";
				USES_XCTRUNNER = YES;
			};
			name = Debug;
		};
		1535A6DB1C953E8800897674 /* Release */ = {
			isa = XCBuildConfiguration;
			baseConfigurationReference = C48CD550B1B9662074A41C6A /* Pods-KapıştırUITests.release.xcconfig */;
			buildSettings = {
				INFOPLIST_FILE = "KapıştırUITests/Info.plist";
				LD_RUNPATH_SEARCH_PATHS = "$(inherited) @executable_path/Frameworks @loader_path/Frameworks";
				PRODUCT_BUNDLE_IDENTIFIER = "com.yortuc.Kap-s-t-rUITests";
				PRODUCT_NAME = "$(TARGET_NAME)";
				TEST_TARGET_NAME = "Kapıştır";
				USES_XCTRUNNER = YES;
			};
			name = Release;
		};
/* End XCBuildConfiguration section */

/* Begin XCConfigurationList section */
		1535A6A31C953E8800897674 /* Build configuration list for PBXProject "Kapıştır" */ = {
			isa = XCConfigurationList;
			buildConfigurations = (
				1535A6D11C953E8800897674 /* Debug */,
				1535A6D21C953E8800897674 /* Release */,
			);
			defaultConfigurationIsVisible = 0;
			defaultConfigurationName = Release;
		};
		1535A6D31C953E8800897674 /* Build configuration list for PBXNativeTarget "Kapıştır" */ = {
			isa = XCConfigurationList;
			buildConfigurations = (
				1535A6D41C953E8800897674 /* Debug */,
				1535A6D51C953E8800897674 /* Release */,
			);
			defaultConfigurationIsVisible = 0;
			defaultConfigurationName = Release;
		};
		1535A6D61C953E8800897674 /* Build configuration list for PBXNativeTarget "KapıştırTests" */ = {
			isa = XCConfigurationList;
			buildConfigurations = (
				1535A6D71C953E8800897674 /* Debug */,
				1535A6D81C953E8800897674 /* Release */,
			);
			defaultConfigurationIsVisible = 0;
			defaultConfigurationName = Release;
		};
		1535A6D91C953E8800897674 /* Build configuration list for PBXNativeTarget "KapıştırUITests" */ = {
			isa = XCConfigurationList;
			buildConfigurations = (
				1535A6DA1C953E8800897674 /* Debug */,
				1535A6DB1C953E8800897674 /* Release */,
			);
			defaultConfigurationIsVisible = 0;
			defaultConfigurationName = Release;
		};
/* End XCConfigurationList section */

/* Begin XCVersionGroup section */
		1535A6B21C953E8800897674 /* Kap_s_t_r.xcdatamodeld */ = {
			isa = XCVersionGroup;
			children = (
				1535A6B31C953E8800897674 /* Kap_s_t_r.xcdatamodel */,
			);
			currentVersion = 1535A6B31C953E8800897674 /* Kap_s_t_r.xcdatamodel */;
			name = Kap_s_t_r.xcdatamodeld;
			path = "Kapıştır/Kap_s_t_r.xcdatamodeld";
			sourceTree = "<group>";
			versionGroupType = wrapper.xcdatamodel;
		};
/* End XCVersionGroup section */
	};
	rootObject = 1535A6A01C953E8800897674 /* Project object */;
}
